// !$*UTF8*$!
{
	archiveVersion = 1;
	classes = {
	};
	objectVersion = 56;
	objects = {

/* Begin PBXBuildFile section */
		36A2E4A72C493BFF00FB7E9A /* AppDelegate.swift in Sources */ = {isa = PBXBuildFile; fileRef = 36A2E4A62C493BFF00FB7E9A /* AppDelegate.swift */; };
		36A2E4A92C493BFF00FB7E9A /* SceneDelegate.swift in Sources */ = {isa = PBXBuildFile; fileRef = 36A2E4A82C493BFF00FB7E9A /* SceneDelegate.swift */; };
		36A2E4AB2C493BFF00FB7E9A /* ViewController.swift in Sources */ = {isa = PBXBuildFile; fileRef = 36A2E4AA2C493BFF00FB7E9A /* ViewController.swift */; };
		36A2E4AE2C493BFF00FB7E9A /* Base in Resources */ = {isa = PBXBuildFile; fileRef = 36A2E4AD2C493BFF00FB7E9A /* Base */; };
		36A2E4B02C493C0100FB7E9A /* Assets.xcassets in Resources */ = {isa = PBXBuildFile; fileRef = 36A2E4AF2C493C0100FB7E9A /* Assets.xcassets */; };
		36A2E4B32C493C0100FB7E9A /* Base in Resources */ = {isa = PBXBuildFile; fileRef = 36A2E4B22C493C0100FB7E9A /* Base */; };
		36A2E4BE2C493C0100FB7E9A /* WeatheryAppTests.swift in Sources */ = {isa = PBXBuildFile; fileRef = 36A2E4BD2C493C0100FB7E9A /* WeatheryAppTests.swift */; };
		36A2E4C82C493C0100FB7E9A /* WeatheryAppUITests.swift in Sources */ = {isa = PBXBuildFile; fileRef = 36A2E4C72C493C0100FB7E9A /* WeatheryAppUITests.swift */; };
		36A2E4CA2C493C0100FB7E9A /* WeatheryAppUITestsLaunchTests.swift in Sources */ = {isa = PBXBuildFile; fileRef = 36A2E4C92C493C0100FB7E9A /* WeatheryAppUITestsLaunchTests.swift */; };
/* End PBXBuildFile section */

/* Begin PBXContainerItemProxy section */
		36A2E4BA2C493C0100FB7E9A /* PBXContainerItemProxy */ = {
			isa = PBXContainerItemProxy;
			containerPortal = 36A2E49B2C493BFF00FB7E9A /* Project object */;
			proxyType = 1;
			remoteGlobalIDString = 36A2E4A22C493BFF00FB7E9A;
			remoteInfo = WeatheryApp;
		};
		36A2E4C42C493C0100FB7E9A /* PBXContainerItemProxy */ = {
			isa = PBXContainerItemProxy;
			containerPortal = 36A2E49B2C493BFF00FB7E9A /* Project object */;
			proxyType = 1;
			remoteGlobalIDString = 36A2E4A22C493BFF00FB7E9A;
			remoteInfo = WeatheryApp;
		};
/* End PBXContainerItemProxy section */

/* Begin PBXFileReference section */
		36A2E4A32C493BFF00FB7E9A /* WeatheryApp.app */ = {isa = PBXFileReference; explicitFileType = wrapper.application; includeInIndex = 0; path = WeatheryApp.app; sourceTree = BUILT_PRODUCTS_DIR; };
		36A2E4A62C493BFF00FB7E9A /* AppDelegate.swift */ = {isa = PBXFileReference; lastKnownFileType = sourcecode.swift; path = AppDelegate.swift; sourceTree = "<group>"; };
		36A2E4A82C493BFF00FB7E9A /* SceneDelegate.swift */ = {isa = PBXFileReference; lastKnownFileType = sourcecode.swift; path = SceneDelegate.swift; sourceTree = "<group>"; };
		36A2E4AA2C493BFF00FB7E9A /* ViewController.swift */ = {isa = PBXFileReference; lastKnownFileType = sourcecode.swift; path = ViewController.swift; sourceTree = "<group>"; };
		36A2E4AD2C493BFF00FB7E9A /* Base */ = {isa = PBXFileReference; lastKnownFileType = file.storyboard; name = Base; path = Base.lproj/Main.storyboard; sourceTree = "<group>"; };
		36A2E4AF2C493C0100FB7E9A /* Assets.xcassets */ = {isa = PBXFileReference; lastKnownFileType = folder.assetcatalog; path = Assets.xcassets; sourceTree = "<group>"; };
		36A2E4B22C493C0100FB7E9A /* Base */ = {isa = PBXFileReference; lastKnownFileType = file.storyboard; name = Base; path = Base.lproj/LaunchScreen.storyboard; sourceTree = "<group>"; };
		36A2E4B42C493C0100FB7E9A /* Info.plist */ = {isa = PBXFileReference; lastKnownFileType = text.plist.xml; path = Info.plist; sourceTree = "<group>"; };
		36A2E4B92C493C0100FB7E9A /* WeatheryAppTests.xctest */ = {isa = PBXFileReference; explicitFileType = wrapper.cfbundle; includeInIndex = 0; path = WeatheryAppTests.xctest; sourceTree = BUILT_PRODUCTS_DIR; };
		36A2E4BD2C493C0100FB7E9A /* WeatheryAppTests.swift */ = {isa = PBXFileReference; lastKnownFileType = sourcecode.swift; path = WeatheryAppTests.swift; sourceTree = "<group>"; };
		36A2E4C32C493C0100FB7E9A /* WeatheryAppUITests.xctest */ = {isa = PBXFileReference; explicitFileType = wrapper.cfbundle; includeInIndex = 0; path = WeatheryAppUITests.xctest; sourceTree = BUILT_PRODUCTS_DIR; };
		36A2E4C72C493C0100FB7E9A /* WeatheryAppUITests.swift */ = {isa = PBXFileReference; lastKnownFileType = sourcecode.swift; path = WeatheryAppUITests.swift; sourceTree = "<group>"; };
		36A2E4C92C493C0100FB7E9A /* WeatheryAppUITestsLaunchTests.swift */ = {isa = PBXFileReference; lastKnownFileType = sourcecode.swift; path = WeatheryAppUITestsLaunchTests.swift; sourceTree = "<group>"; };
/* End PBXFileReference section */

/* Begin PBXFrameworksBuildPhase section */
		36A2E4A02C493BFF00FB7E9A /* Frameworks */ = {
			isa = PBXFrameworksBuildPhase;
			buildActionMask = 2147483647;
			files = (
			);
			runOnlyForDeploymentPostprocessing = 0;
		};
		36A2E4B62C493C0100FB7E9A /* Frameworks */ = {
			isa = PBXFrameworksBuildPhase;
			buildActionMask = 2147483647;
			files = (
			);
			runOnlyForDeploymentPostprocessing = 0;
		};
		36A2E4C02C493C0100FB7E9A /* Frameworks */ = {
			isa = PBXFrameworksBuildPhase;
			buildActionMask = 2147483647;
			files = (
			);
			runOnlyForDeploymentPostprocessing = 0;
		};
/* End PBXFrameworksBuildPhase section */

/* Begin PBXGroup section */
		36A2E49A2C493BFF00FB7E9A = {
			isa = PBXGroup;
			children = (
				36A2E4A52C493BFF00FB7E9A /* WeatheryApp */,
				36A2E4BC2C493C0100FB7E9A /* WeatheryAppTests */,
				36A2E4C62C493C0100FB7E9A /* WeatheryAppUITests */,
				36A2E4A42C493BFF00FB7E9A /* Products */,
			);
			sourceTree = "<group>";
		};
		36A2E4A42C493BFF00FB7E9A /* Products */ = {
			isa = PBXGroup;
			children = (
				36A2E4A32C493BFF00FB7E9A /* WeatheryApp.app */,
				36A2E4B92C493C0100FB7E9A /* WeatheryAppTests.xctest */,
				36A2E4C32C493C0100FB7E9A /* WeatheryAppUITests.xctest */,
			);
			name = Products;
			sourceTree = "<group>";
		};
		36A2E4A52C493BFF00FB7E9A /* WeatheryApp */ = {
			isa = PBXGroup;
			children = (
				36A2E4A62C493BFF00FB7E9A /* AppDelegate.swift */,
				36A2E4A82C493BFF00FB7E9A /* SceneDelegate.swift */,
				36A2E4AA2C493BFF00FB7E9A /* ViewController.swift */,
				36A2E4AC2C493BFF00FB7E9A /* Main.storyboard */,
				36A2E4AF2C493C0100FB7E9A /* Assets.xcassets */,
				36A2E4B12C493C0100FB7E9A /* LaunchScreen.storyboard */,
				36A2E4B42C493C0100FB7E9A /* Info.plist */,
			);
			path = WeatheryApp;
			sourceTree = "<group>";
		};
		36A2E4BC2C493C0100FB7E9A /* WeatheryAppTests */ = {
			isa = PBXGroup;
			children = (
				36A2E4BD2C493C0100FB7E9A /* WeatheryAppTests.swift */,
			);
			path = WeatheryAppTests;
			sourceTree = "<group>";
		};
		36A2E4C62C493C0100FB7E9A /* WeatheryAppUITests */ = {
			isa = PBXGroup;
			children = (
				36A2E4C72C493C0100FB7E9A /* WeatheryAppUITests.swift */,
				36A2E4C92C493C0100FB7E9A /* WeatheryAppUITestsLaunchTests.swift */,
			);
			path = WeatheryAppUITests;
			sourceTree = "<group>";
		};
/* End PBXGroup section */

/* Begin PBXNativeTarget section */
		36A2E4A22C493BFF00FB7E9A /* WeatheryApp */ = {
			isa = PBXNativeTarget;
			buildConfigurationList = 36A2E4CD2C493C0100FB7E9A /* Build configuration list for PBXNativeTarget "WeatheryApp" */;
			buildPhases = (
				36A2E49F2C493BFF00FB7E9A /* Sources */,
				36A2E4A02C493BFF00FB7E9A /* Frameworks */,
				36A2E4A12C493BFF00FB7E9A /* Resources */,
			);
			buildRules = (
			);
			dependencies = (
			);
			name = WeatheryApp;
			productName = WeatheryApp;
			productReference = 36A2E4A32C493BFF00FB7E9A /* WeatheryApp.app */;
			productType = "com.apple.product-type.application";
		};
		36A2E4B82C493C0100FB7E9A /* WeatheryAppTests */ = {
			isa = PBXNativeTarget;
			buildConfigurationList = 36A2E4D02C493C0100FB7E9A /* Build configuration list for PBXNativeTarget "WeatheryAppTests" */;
			buildPhases = (
				36A2E4B52C493C0100FB7E9A /* Sources */,
				36A2E4B62C493C0100FB7E9A /* Frameworks */,
				36A2E4B72C493C0100FB7E9A /* Resources */,
			);
			buildRules = (
			);
			dependencies = (
				36A2E4BB2C493C0100FB7E9A /* PBXTargetDependency */,
			);
			name = WeatheryAppTests;
			productName = WeatheryAppTests;
			productReference = 36A2E4B92C493C0100FB7E9A /* WeatheryAppTests.xctest */;
			productType = "com.apple.product-type.bundle.unit-test";
		};
		36A2E4C22C493C0100FB7E9A /* WeatheryAppUITests */ = {
			isa = PBXNativeTarget;
			buildConfigurationList = 36A2E4D32C493C0100FB7E9A /* Build configuration list for PBXNativeTarget "WeatheryAppUITests" */;
			buildPhases = (
				36A2E4BF2C493C0100FB7E9A /* Sources */,
				36A2E4C02C493C0100FB7E9A /* Frameworks */,
				36A2E4C12C493C0100FB7E9A /* Resources */,
			);
			buildRules = (
			);
			dependencies = (
				36A2E4C52C493C0100FB7E9A /* PBXTargetDependency */,
			);
			name = WeatheryAppUITests;
			productName = WeatheryAppUITests;
			productReference = 36A2E4C32C493C0100FB7E9A /* WeatheryAppUITests.xctest */;
			productType = "com.apple.product-type.bundle.ui-testing";
		};
/* End PBXNativeTarget section */

/* Begin PBXProject section */
		36A2E49B2C493BFF00FB7E9A /* Project object */ = {
			isa = PBXProject;
			attributes = {
				BuildIndependentTargetsInParallel = 1;
				LastSwiftUpdateCheck = 1540;
				LastUpgradeCheck = 1540;
				TargetAttributes = {
					36A2E4A22C493BFF00FB7E9A = {
						CreatedOnToolsVersion = 15.4;
					};
					36A2E4B82C493C0100FB7E9A = {
						CreatedOnToolsVersion = 15.4;
						TestTargetID = 36A2E4A22C493BFF00FB7E9A;
					};
					36A2E4C22C493C0100FB7E9A = {
						CreatedOnToolsVersion = 15.4;
						TestTargetID = 36A2E4A22C493BFF00FB7E9A;
					};
				};
			};
			buildConfigurationList = 36A2E49E2C493BFF00FB7E9A /* Build configuration list for PBXProject "WeatheryApp" */;
			compatibilityVersion = "Xcode 14.0";
			developmentRegion = en;
			hasScannedForEncodings = 0;
			knownRegions = (
				en,
				Base,
			);
			mainGroup = 36A2E49A2C493BFF00FB7E9A;
			productRefGroup = 36A2E4A42C493BFF00FB7E9A /* Products */;
			projectDirPath = "";
			projectRoot = "";
			targets = (
				36A2E4A22C493BFF00FB7E9A /* WeatheryApp */,
				36A2E4B82C493C0100FB7E9A /* WeatheryAppTests */,
				36A2E4C22C493C0100FB7E9A /* WeatheryAppUITests */,
			);
		};
/* End PBXProject section */

/* Begin PBXResourcesBuildPhase section */
		36A2E4A12C493BFF00FB7E9A /* Resources */ = {
			isa = PBXResourcesBuildPhase;
			buildActionMask = 2147483647;
			files = (
				36A2E4B02C493C0100FB7E9A /* Assets.xcassets in Resources */,
				36A2E4B32C493C0100FB7E9A /* Base in Resources */,
				36A2E4AE2C493BFF00FB7E9A /* Base in Resources */,
			);
			runOnlyForDeploymentPostprocessing = 0;
		};
		36A2E4B72C493C0100FB7E9A /* Resources */ = {
			isa = PBXResourcesBuildPhase;
			buildActionMask = 2147483647;
			files = (
			);
			runOnlyForDeploymentPostprocessing = 0;
		};
		36A2E4C12C493C0100FB7E9A /* Resources */ = {
			isa = PBXResourcesBuildPhase;
			buildActionMask = 2147483647;
			files = (
			);
			runOnlyForDeploymentPostprocessing = 0;
		};
/* End PBXResourcesBuildPhase section */

/* Begin PBXSourcesBuildPhase section */
		36A2E49F2C493BFF00FB7E9A /* Sources */ = {
			isa = PBXSourcesBuildPhase;
			buildActionMask = 2147483647;
			files = (
				36A2E4AB2C493BFF00FB7E9A /* ViewController.swift in Sources */,
				36A2E4A72C493BFF00FB7E9A /* AppDelegate.swift in Sources */,
				36A2E4A92C493BFF00FB7E9A /* SceneDelegate.swift in Sources */,
			);
			runOnlyForDeploymentPostprocessing = 0;
		};
		36A2E4B52C493C0100FB7E9A /* Sources */ = {
			isa = PBXSourcesBuildPhase;
			buildActionMask = 2147483647;
			files = (
				36A2E4BE2C493C0100FB7E9A /* WeatheryAppTests.swift in Sources */,
			);
			runOnlyForDeploymentPostprocessing = 0;
		};
		36A2E4BF2C493C0100FB7E9A /* Sources */ = {
			isa = PBXSourcesBuildPhase;
			buildActionMask = 2147483647;
			files = (
				36A2E4C82C493C0100FB7E9A /* WeatheryAppUITests.swift in Sources */,
				36A2E4CA2C493C0100FB7E9A /* WeatheryAppUITestsLaunchTests.swift in Sources */,
			);
			runOnlyForDeploymentPostprocessing = 0;
		};
/* End PBXSourcesBuildPhase section */

/* Begin PBXTargetDependency section */
		36A2E4BB2C493C0100FB7E9A /* PBXTargetDependency */ = {
			isa = PBXTargetDependency;
			target = 36A2E4A22C493BFF00FB7E9A /* WeatheryApp */;
			targetProxy = 36A2E4BA2C493C0100FB7E9A /* PBXContainerItemProxy */;
		};
		36A2E4C52C493C0100FB7E9A /* PBXTargetDependency */ = {
			isa = PBXTargetDependency;
			target = 36A2E4A22C493BFF00FB7E9A /* WeatheryApp */;
			targetProxy = 36A2E4C42C493C0100FB7E9A /* PBXContainerItemProxy */;
		};
/* End PBXTargetDependency section */

/* Begin PBXVariantGroup section */
		36A2E4AC2C493BFF00FB7E9A /* Main.storyboard */ = {
			isa = PBXVariantGroup;
			children = (
				36A2E4AD2C493BFF00FB7E9A /* Base */,
			);
			name = Main.storyboard;
			sourceTree = "<group>";
		};
		36A2E4B12C493C0100FB7E9A /* LaunchScreen.storyboard */ = {
			isa = PBXVariantGroup;
			children = (
				36A2E4B22C493C0100FB7E9A /* Base */,
			);
			name = LaunchScreen.storyboard;
			sourceTree = "<group>";
		};
/* End PBXVariantGroup section */

/* Begin XCBuildConfiguration section */
		36A2E4CB2C493C0100FB7E9A /* Debug */ = {
			isa = XCBuildConfiguration;
			buildSettings = {
				ALWAYS_SEARCH_USER_PATHS = NO;
				ASSETCATALOG_COMPILER_GENERATE_SWIFT_ASSET_SYMBOL_EXTENSIONS = YES;
				CLANG_ANALYZER_NONNULL = YES;
				CLANG_ANALYZER_NUMBER_OBJECT_CONVERSION = YES_AGGRESSIVE;
				CLANG_CXX_LANGUAGE_STANDARD = "gnu++20";
				CLANG_ENABLE_MODULES = YES;
				CLANG_ENABLE_OBJC_ARC = YES;
				CLANG_ENABLE_OBJC_WEAK = YES;
				CLANG_WARN_BLOCK_CAPTURE_AUTORELEASING = YES;
				CLANG_WARN_BOOL_CONVERSION = YES;
				CLANG_WARN_COMMA = YES;
				CLANG_WARN_CONSTANT_CONVERSION = YES;
				CLANG_WARN_DEPRECATED_OBJC_IMPLEMENTATIONS = YES;
				CLANG_WARN_DIRECT_OBJC_ISA_USAGE = YES_ERROR;
				CLANG_WARN_DOCUMENTATION_COMMENTS = YES;
				CLANG_WARN_EMPTY_BODY = YES;
				CLANG_WARN_ENUM_CONVERSION = YES;
				CLANG_WARN_INFINITE_RECURSION = YES;
				CLANG_WARN_INT_CONVERSION = YES;
				CLANG_WARN_NON_LITERAL_NULL_CONVERSION = YES;
				CLANG_WARN_OBJC_IMPLICIT_RETAIN_SELF = YES;
				CLANG_WARN_OBJC_LITERAL_CONVERSION = YES;
				CLANG_WARN_OBJC_ROOT_CLASS = YES_ERROR;
				CLANG_WARN_QUOTED_INCLUDE_IN_FRAMEWORK_HEADER = YES;
				CLANG_WARN_RANGE_LOOP_ANALYSIS = YES;
				CLANG_WARN_STRICT_PROTOTYPES = YES;
				CLANG_WARN_SUSPICIOUS_MOVE = YES;
				CLANG_WARN_UNGUARDED_AVAILABILITY = YES_AGGRESSIVE;
				CLANG_WARN_UNREACHABLE_CODE = YES;
				CLANG_WARN__DUPLICATE_METHOD_MATCH = YES;
				COPY_PHASE_STRIP = NO;
				DEBUG_INFORMATION_FORMAT = dwarf;
				ENABLE_STRICT_OBJC_MSGSEND = YES;
				ENABLE_TESTABILITY = YES;
				ENABLE_USER_SCRIPT_SANDBOXING = YES;
				GCC_C_LANGUAGE_STANDARD = gnu17;
				GCC_DYNAMIC_NO_PIC = NO;
				GCC_NO_COMMON_BLOCKS = YES;
				GCC_OPTIMIZATION_LEVEL = 0;
				GCC_PREPROCESSOR_DEFINITIONS = (
					"DEBUG=1",
					"$(inherited)",
				);
				GCC_WARN_64_TO_32_BIT_CONVERSION = YES;
				GCC_WARN_ABOUT_RETURN_TYPE = YES_ERROR;
				GCC_WARN_UNDECLARED_SELECTOR = YES;
				GCC_WARN_UNINITIALIZED_AUTOS = YES_AGGRESSIVE;
				GCC_WARN_UNUSED_FUNCTION = YES;
				GCC_WARN_UNUSED_VARIABLE = YES;
				IPHONEOS_DEPLOYMENT_TARGET = 17.5;
				LOCALIZATION_PREFERS_STRING_CATALOGS = YES;
				MTL_ENABLE_DEBUG_INFO = INCLUDE_SOURCE;
				MTL_FAST_MATH = YES;
				ONLY_ACTIVE_ARCH = YES;
				SDKROOT = iphoneos;
				SWIFT_ACTIVE_COMPILATION_CONDITIONS = "DEBUG $(inherited)";
				SWIFT_OPTIMIZATION_LEVEL = "-Onone";
			};
			name = Debug;
		};
		36A2E4CC2C493C0100FB7E9A /* Release */ = {
			isa = XCBuildConfiguration;
			buildSettings = {
				ALWAYS_SEARCH_USER_PATHS = NO;
				ASSETCATALOG_COMPILER_GENERATE_SWIFT_ASSET_SYMBOL_EXTENSIONS = YES;
				CLANG_ANALYZER_NONNULL = YES;
				CLANG_ANALYZER_NUMBER_OBJECT_CONVERSION = YES_AGGRESSIVE;
				CLANG_CXX_LANGUAGE_STANDARD = "gnu++20";
				CLANG_ENABLE_MODULES = YES;
				CLANG_ENABLE_OBJC_ARC = YES;
				CLANG_ENABLE_OBJC_WEAK = YES;
				CLANG_WARN_BLOCK_CAPTURE_AUTORELEASING = YES;
				CLANG_WARN_BOOL_CONVERSION = YES;
				CLANG_WARN_COMMA = YES;
				CLANG_WARN_CONSTANT_CONVERSION = YES;
				CLANG_WARN_DEPRECATED_OBJC_IMPLEMENTATIONS = YES;
				CLANG_WARN_DIRECT_OBJC_ISA_USAGE = YES_ERROR;
				CLANG_WARN_DOCUMENTATION_COMMENTS = YES;
				CLANG_WARN_EMPTY_BODY = YES;
				CLANG_WARN_ENUM_CONVERSION = YES;
				CLANG_WARN_INFINITE_RECURSION = YES;
				CLANG_WARN_INT_CONVERSION = YES;
				CLANG_WARN_NON_LITERAL_NULL_CONVERSION = YES;
				CLANG_WARN_OBJC_IMPLICIT_RETAIN_SELF = YES;
				CLANG_WARN_OBJC_LITERAL_CONVERSION = YES;
				CLANG_WARN_OBJC_ROOT_CLASS = YES_ERROR;
				CLANG_WARN_QUOTED_INCLUDE_IN_FRAMEWORK_HEADER = YES;
				CLANG_WARN_RANGE_LOOP_ANALYSIS = YES;
				CLANG_WARN_STRICT_PROTOTYPES = YES;
				CLANG_WARN_SUSPICIOUS_MOVE = YES;
				CLANG_WARN_UNGUARDED_AVAILABILITY = YES_AGGRESSIVE;
				CLANG_WARN_UNREACHABLE_CODE = YES;
				CLANG_WARN__DUPLICATE_METHOD_MATCH = YES;
				COPY_PHASE_STRIP = NO;
				DEBUG_INFORMATION_FORMAT = "dwarf-with-dsym";
				ENABLE_NS_ASSERTIONS = NO;
				ENABLE_STRICT_OBJC_MSGSEND = YES;
				ENABLE_USER_SCRIPT_SANDBOXING = YES;
				GCC_C_LANGUAGE_STANDARD = gnu17;
				GCC_NO_COMMON_BLOCKS = YES;
				GCC_WARN_64_TO_32_BIT_CONVERSION = YES;
				GCC_WARN_ABOUT_RETURN_TYPE = YES_ERROR;
				GCC_WARN_UNDECLARED_SELECTOR = YES;
				GCC_WARN_UNINITIALIZED_AUTOS = YES_AGGRESSIVE;
				GCC_WARN_UNUSED_FUNCTION = YES;
				GCC_WARN_UNUSED_VARIABLE = YES;
				IPHONEOS_DEPLOYMENT_TARGET = 17.5;
				LOCALIZATION_PREFERS_STRING_CATALOGS = YES;
				MTL_ENABLE_DEBUG_INFO = NO;
				MTL_FAST_MATH = YES;
				SDKROOT = iphoneos;
				SWIFT_COMPILATION_MODE = wholemodule;
				VALIDATE_PRODUCT = YES;
			};
			name = Release;
		};
		36A2E4CE2C493C0100FB7E9A /* Debug */ = {
			isa = XCBuildConfiguration;
			buildSettings = {
				ASSETCATALOG_COMPILER_APPICON_NAME = AppIcon;
				ASSETCATALOG_COMPILER_GLOBAL_ACCENT_COLOR_NAME = AccentColor;
				CODE_SIGN_STYLE = Automatic;
				CURRENT_PROJECT_VERSION = 1;
				DEVELOPMENT_TEAM = QFY2J3RBF8;
				GENERATE_INFOPLIST_FILE = YES;
				INFOPLIST_FILE = WeatheryApp/Info.plist;
				INFOPLIST_KEY_UIApplicationSupportsIndirectInputEvents = YES;
				INFOPLIST_KEY_UILaunchStoryboardName = LaunchScreen;
				INFOPLIST_KEY_UIMainStoryboardFile = Main;
				INFOPLIST_KEY_UISupportedInterfaceOrientations_iPad = "UIInterfaceOrientationPortrait UIInterfaceOrientationPortraitUpsideDown UIInterfaceOrientationLandscapeLeft UIInterfaceOrientationLandscapeRight";
				INFOPLIST_KEY_UISupportedInterfaceOrientations_iPhone = "UIInterfaceOrientationPortrait UIInterfaceOrientationLandscapeLeft UIInterfaceOrientationLandscapeRight";
				LD_RUNPATH_SEARCH_PATHS = (
					"$(inherited)",
					"@executable_path/Frameworks",
				);
				MARKETING_VERSION = 1.0;
				PRODUCT_BUNDLE_IDENTIFIER = com.UmutSenol.WeatheryApp;
				PRODUCT_NAME = "$(TARGET_NAME)";
				SWIFT_EMIT_LOC_STRINGS = YES;
				SWIFT_VERSION = 5.0;
				TARGETED_DEVICE_FAMILY = "1,2";
			};
			name = Debug;
		};
		36A2E4CF2C493C0100FB7E9A /* Release */ = {
			isa = XCBuildConfiguration;
			buildSettings = {
				ASSETCATALOG_COMPILER_APPICON_NAME = AppIcon;
				ASSETCATALOG_COMPILER_GLOBAL_ACCENT_COLOR_NAME = AccentColor;
				CODE_SIGN_STYLE = Automatic;
				CURRENT_PROJECT_VERSION = 1;
				DEVELOPMENT_TEAM = QFY2J3RBF8;
				GENERATE_INFOPLIST_FILE = YES;
				INFOPLIST_FILE = WeatheryApp/Info.plist;
				INFOPLIST_KEY_UIApplicationSupportsIndirectInputEvents = YES;
				INFOPLIST_KEY_UILaunchStoryboardName = LaunchScreen;
				INFOPLIST_KEY_UIMainStoryboardFile = Main;
				INFOPLIST_KEY_UISupportedInterfaceOrientations_iPad = "UIInterfaceOrientationPortrait UIInterfaceOrientationPortraitUpsideDown UIInterfaceOrientationLandscapeLeft UIInterfaceOrientationLandscapeRight";
				INFOPLIST_KEY_UISupportedInterfaceOrientations_iPhone = "UIInterfaceOrientationPortrait UIInterfaceOrientationLandscapeLeft UIInterfaceOrientationLandscapeRight";
				LD_RUNPATH_SEARCH_PATHS = (
					"$(inherited)",
					"@executable_path/Frameworks",
				);
				MARKETING_VERSION = 1.0;
				PRODUCT_BUNDLE_IDENTIFIER = com.UmutSenol.WeatheryApp;
				PRODUCT_NAME = "$(TARGET_NAME)";
				SWIFT_EMIT_LOC_STRINGS = YES;
				SWIFT_VERSION = 5.0;
				TARGETED_DEVICE_FAMILY = "1,2";
			};
			name = Release;
		};
		36A2E4D12C493C0100FB7E9A /* Debug */ = {
			isa = XCBuildConfiguration;
			buildSettings = {
				ALWAYS_EMBED_SWIFT_STANDARD_LIBRARIES = YES;
				BUNDLE_LOADER = "$(TEST_HOST)";
				CODE_SIGN_STYLE = Automatic;
				CURRENT_PROJECT_VERSION = 1;
				DEVELOPMENT_TEAM = QFY2J3RBF8;
				GENERATE_INFOPLIST_FILE = YES;
				IPHONEOS_DEPLOYMENT_TARGET = 17.5;
				MARKETING_VERSION = 1.0;
				PRODUCT_BUNDLE_IDENTIFIER = com.UmutSenol.WeatheryAppTests;
				PRODUCT_NAME = "$(TARGET_NAME)";
				SWIFT_EMIT_LOC_STRINGS = NO;
				SWIFT_VERSION = 5.0;
				TARGETED_DEVICE_FAMILY = "1,2";
				TEST_HOST = "$(BUILT_PRODUCTS_DIR)/WeatheryApp.app/$(BUNDLE_EXECUTABLE_FOLDER_PATH)/WeatheryApp";
			};
			name = Debug;
		};
		36A2E4D22C493C0100FB7E9A /* Release */ = {
			isa = XCBuildConfiguration;
			buildSettings = {
				ALWAYS_EMBED_SWIFT_STANDARD_LIBRARIES = YES;
				BUNDLE_LOADER = "$(TEST_HOST)";
				CODE_SIGN_STYLE = Automatic;
				CURRENT_PROJECT_VERSION = 1;
				DEVELOPMENT_TEAM = QFY2J3RBF8;
				GENERATE_INFOPLIST_FILE = YES;
				IPHONEOS_DEPLOYMENT_TARGET = 17.5;
				MARKETING_VERSION = 1.0;
				PRODUCT_BUNDLE_IDENTIFIER = com.UmutSenol.WeatheryAppTests;
				PRODUCT_NAME = "$(TARGET_NAME)";
				SWIFT_EMIT_LOC_STRINGS = NO;
				SWIFT_VERSION = 5.0;
				TARGETED_DEVICE_FAMILY = "1,2";
				TEST_HOST = "$(BUILT_PRODUCTS_DIR)/WeatheryApp.app/$(BUNDLE_EXECUTABLE_FOLDER_PATH)/WeatheryApp";
			};
			name = Release;
		};
		36A2E4D42C493C0100FB7E9A /* Debug */ = {
			isa = XCBuildConfiguration;
			buildSettings = {
				ALWAYS_EMBED_SWIFT_STANDARD_LIBRARIES = YES;
				CODE_SIGN_STYLE = Automatic;
				CURRENT_PROJECT_VERSION = 1;
				DEVELOPMENT_TEAM = QFY2J3RBF8;
				GENERATE_INFOPLIST_FILE = YES;
				MARKETING_VERSION = 1.0;
				PRODUCT_BUNDLE_IDENTIFIER = com.UmutSenol.WeatheryAppUITests;
				PRODUCT_NAME = "$(TARGET_NAME)";
				SWIFT_EMIT_LOC_STRINGS = NO;
				SWIFT_VERSION = 5.0;
				TARGETED_DEVICE_FAMILY = "1,2";
				TEST_TARGET_NAME = WeatheryApp;
			};
			name = Debug;
		};
		36A2E4D52C493C0100FB7E9A /* Release */ = {
			isa = XCBuildConfiguration;
			buildSettings = {
				ALWAYS_EMBED_SWIFT_STANDARD_LIBRARIES = YES;
				CODE_SIGN_STYLE = Automatic;
				CURRENT_PROJECT_VERSION = 1;
				DEVELOPMENT_TEAM = QFY2J3RBF8;
				GENERATE_INFOPLIST_FILE = YES;
				MARKETING_VERSION = 1.0;
				PRODUCT_BUNDLE_IDENTIFIER = com.UmutSenol.WeatheryAppUITests;
				PRODUCT_NAME = "$(TARGET_NAME)";
				SWIFT_EMIT_LOC_STRINGS = NO;
				SWIFT_VERSION = 5.0;
				TARGETED_DEVICE_FAMILY = "1,2";
				TEST_TARGET_NAME = WeatheryApp;
			};
			name = Release;
		};
/* End XCBuildConfiguration section */

/* Begin XCConfigurationList section */
		36A2E49E2C493BFF00FB7E9A /* Build configuration list for PBXProject "WeatheryApp" */ = {
			isa = XCConfigurationList;
			buildConfigurations = (
				36A2E4CB2C493C0100FB7E9A /* Debug */,
				36A2E4CC2C493C0100FB7E9A /* Release */,
			);
			defaultConfigurationIsVisible = 0;
			defaultConfigurationName = Release;
		};
		36A2E4CD2C493C0100FB7E9A /* Build configuration list for PBXNativeTarget "WeatheryApp" */ = {
			isa = XCConfigurationList;
			buildConfigurations = (
				36A2E4CE2C493C0100FB7E9A /* Debug */,
				36A2E4CF2C493C0100FB7E9A /* Release */,
			);
			defaultConfigurationIsVisible = 0;
			defaultConfigurationName = Release;
		};
		36A2E4D02C493C0100FB7E9A /* Build configuration list for PBXNativeTarget "WeatheryAppTests" */ = {
			isa = XCConfigurationList;
			buildConfigurations = (
				36A2E4D12C493C0100FB7E9A /* Debug */,
				36A2E4D22C493C0100FB7E9A /* Release */,
			);
			defaultConfigurationIsVisible = 0;
			defaultConfigurationName = Release;
		};
		36A2E4D32C493C0100FB7E9A /* Build configuration list for PBXNativeTarget "WeatheryAppUITests" */ = {
			isa = XCConfigurationList;
			buildConfigurations = (
				36A2E4D42C493C0100FB7E9A /* Debug */,
				36A2E4D52C493C0100FB7E9A /* Release */,
			);
			defaultConfigurationIsVisible = 0;
			defaultConfigurationName = Release;
		};
/* End XCConfigurationList section */
	};
	rootObject = 36A2E49B2C493BFF00FB7E9A /* Project object */;
}
